
Microsoft Visual Studio Solution File, Format Version 12.00
# Visual Studio Version 16
VisualStudioVersion = 16.0.30204.135
MinimumVisualStudioVersion = 10.0.40219.1
Project("{FAE04EC0-301F-11D3-BF4B-00C04F79EFBC}") = "MCHighlight", "MCHighlight\MCHighlight.csproj", "{CF8A7D7F-F787-47B6-BF57-D684885F059F}"
EndProject
Global
	GlobalSection(SolutionConfigurationPlatforms) = preSolution
		Debug|Any CPU = Debug|Any CPU
		Release|Any CPU = Release|Any CPU
	EndGlobalSection
	GlobalSection(ProjectConfigurationPlatforms) = postSolution
		{CF8A7D7F-F787-47B6-BF57-D684885F059F}.Debug|Any CPU.ActiveCfg = Debug|Any CPU
		{CF8A7D7F-F787-47B6-BF57-D684885F059F}.Debug|Any CPU.Build.0 = Debug|Any CPU
		{CF8A7D7F-F787-47B6-BF57-D684885F059F}.Release|Any CPU.ActiveCfg = Release|Any CPU
		{CF8A7D7F-F787-47B6-BF57-D684885F059F}.Release|Any CPU.Build.0 = Release|Any CPU
	EndGlobalSection
	GlobalSection(SolutionProperties) = preSolution
		HideSolutionNode = FALSE
	EndGlobalSection
	GlobalSection(ExtensibilityGlobals) = postSolution
		SolutionGuid = {4DD31D1C-011C-4D78-A2F2-B50CAF804571}
	EndGlobalSection
EndGlobal
